PackratFormat: 1.4
PackratVersion: 0.5.0
RVersion: 3.6.0
Repos: CRAN=https://cran.rstudio.com/

Package: BH
Source: CRAN
Version: 1.69.0-1
Hash: 15f597ed227897f4f793b6161260f4b9

Package: DBI
Source: CRAN
Version: 1.0.0
Hash: 6abedd7919c4457604c0aa44529a6683

Package: DEoptimR
Source: CRAN
Version: 1.0-8
Hash: adc74e88e85eabe6c7d73db6a86fe6cf

Package: FNN
Source: CRAN
Version: 1.1.3
Hash: ad1a8aaa36a3ad406ef960e5b37984d0

Package: GISTools
Source: CRAN
Version: 0.7-4
Hash: e8c112215956ecc1f6b706ae1972fe1b
Requires: RColorBrewer, maptools, rgeos, sp

Package: LearnBayes
Source: CRAN
Version: 2.15.1
Hash: 3b27dfb2be0d5bf10a8842bb7b0a19db

Package: ModelMetrics
Source: CRAN
Version: 1.2.2
Hash: 61b745ef63cdeba181f7c9224c712638
Requires: Rcpp, data.table

Package: OpenStreetMap
Source: CRAN
Version: 0.3.4
Hash: c59c759b6a746a7387c95e5bec7923ec
Requires: ggplot2, rJava, raster, rgdal, sp

Package: R.methodsS3
Source: CRAN
Version: 1.7.1
Hash: 99f841ba1614c005e6672c5fb01b352a

Package: R.oo
Source: CRAN
Version: 1.22.0
Hash: c37ded09136c4ae98b9c73cf42dee3c8
Requires: R.methodsS3

Package: R.utils
Source: CRAN
Version: 2.9.0
Hash: 4d603b9eb32a801df4064d91b8174cde
Requires: R.methodsS3, R.oo

Package: R6
Source: CRAN
Version: 2.4.0
Hash: 948a547c484e5bea15eee76cc53cce3f

Package: RColorBrewer
Source: CRAN
Version: 1.1-2
Hash: c0d56cd15034f395874c870141870c25

Package: RSQLite
Source: CRAN
Version: 2.1.2
Hash: dac363cddde1fc4819b023ac40334909
Requires: BH, DBI, Rcpp, bit64, blob, memoise, pkgconfig, plogr

Package: RStoolbox
Source: CRAN
Version: 0.2.6
Hash: 5d3c5da901c3e183e55efce2cd7c43d3
Requires: Rcpp, RcppArmadillo, XML, caret, doParallel, foreach,
    geosphere, ggplot2, raster, reshape2, rgdal, rgeos, sp

Package: Rcpp
Source: CRAN
Version: 1.0.1
Hash: 390ed5b5da840cec3e6f5c90c6ab23f7

Package: RcppArmadillo
Source: CRAN
Version: 0.9.500.2.0
Hash: a0dd6424af76b934b549dc7d03b1723c
Requires: Rcpp

Package: RefManageR
Source: CRAN
Version: 1.2.12
Hash: 16344a9f4f69821fd36312912b3e0c93
Requires: bibtex, httr, jsonlite, lubridate, plyr, stringr, xml2

Package: RgoogleMaps
Source: CRAN
Version: 1.4.3
Hash: 19c123656db3d1b22e0cd4d40edc819a
Requires: png

Package: SQUAREM
Source: CRAN
Version: 2017.10-1
Hash: 468c9c5e9c9852863fd94313b880964d

Package: V8
Source: CRAN
Version: 2.2
Hash: ac47f8558e2ae9b16ff81feb0cc35f03
Requires: Rcpp, curl, jsonlite

Package: XML
Source: CRAN
Version: 3.98-1.20
Hash: bf2d8ed9d5fb16209c9fc8ceccb94cf5

Package: abind
Source: CRAN
Version: 1.4-5
Hash: 1ceb86ef5ebe776ed4753ab6165eb6d7

Package: askpass
Source: CRAN
Version: 1.1
Hash: 6f6c430e3cd0dd7d48f447700f4d7e7f
Requires: sys

Package: assertthat
Source: CRAN
Version: 0.2.1
Hash: 622be49032fe50bd42e96aaef613e209

Package: backports
Source: CRAN
Version: 1.1.4
Hash: e88df919a68845e664e019570e2251b6

Package: base64enc
Source: CRAN
Version: 0.1-3
Hash: c590d29e555926af053055e23ee79efb

Package: bibtex
Source: CRAN
Version: 0.4.2
Hash: 58c21a98bdd9c67ec0b01d589988681a
Requires: stringr

Package: bit
Source: CRAN
Version: 1.1-14
Hash: 704eb98fa9be263c95d00df4b2a448dd

Package: bit64
Source: CRAN
Version: 0.9-7
Hash: 4b195615d19ba49c114eb04e09e30a96
Requires: bit

Package: bitops
Source: CRAN
Version: 1.0-6
Hash: 67d0775189fd0041d95abca618c5c07e

Package: blob
Source: CRAN
Version: 1.2.0
Hash: 1b1a51fedcd5054a6a3ed98bfcaa33fc
Requires: prettyunits, rlang, vctrs

Package: bookdown
Source: CRAN
Version: 0.11
Hash: 46528c98601f6a337e5c5860191ff712
Requires: htmltools, knitr, rmarkdown, tinytex, xfun

Package: brew
Source: CRAN
Version: 1.0-6
Hash: 931f9972deae0f205e1c78a51f33149b

Package: broom
Source: CRAN
Version: 0.5.2
Hash: 2c1abd749c826a39101a156ed0afc9be
Requires: backports, dplyr, generics, purrr, reshape2, stringr, tibble,
    tidyr

Package: callr
Source: CRAN
Version: 3.2.0
Hash: a6f55e383e4a82bf953aa92136c18d58
Requires: R6, processx

Package: caret
Source: CRAN
Version: 6.0-84
Hash: fc4c11aec2e1fa01e78678753b94f640
Requires: ModelMetrics, foreach, ggplot2, plyr, recipes, reshape2,
    withr

Package: cellranger
Source: CRAN
Version: 1.1.0
Hash: be9d203e7849f73818b36f93e9273c2c
Requires: rematch, tibble

Package: citr
Source: CRAN
Version: 0.3.0
Hash: 1bf4a64d2664be6dd207615266048252
Requires: RefManageR, assertthat, bibtex, curl, httr, miniUI,
    rstudioapi, shiny, shinyjs, yaml

Package: classInt
Source: CRAN
Version: 0.3-3
Hash: 8eecadcf4e0142e8fa98c2254aed604a
Requires: e1071

Package: cli
Source: CRAN
Version: 1.1.0
Hash: bc4e54014c2049f2605ad0c3ba0cce6b
Requires: assertthat, crayon

Package: clipr
Source: CRAN
Version: 0.6.0
Hash: b696ba40d4f4e96f56e82040ed09dd19

Package: coda
Source: CRAN
Version: 0.19-3
Hash: a6bd401a844d5fc9e5d9589dc0197acb

Package: colorspace
Source: CRAN
Version: 1.4-1
Hash: 60a56e9998b8b58ee378db3dc91b27a5

Package: crayon
Source: CRAN
Version: 1.3.4
Hash: ff2840dd9b0d563fc80377a5a45510cd

Package: crosstalk
Source: CRAN
Version: 1.0.0
Hash: c13adea5906fbe2becfcb5f843b26749
Requires: R6, ggplot2, htmltools, jsonlite, lazyeval, shiny

Package: curl
Source: CRAN
Version: 3.3
Hash: b201f64e6e1469e8a3571c746ffa9059

Package: data.table
Source: CRAN
Version: 1.12.2
Hash: b1642cf2ee0ab1d1b152ffacdb4401f7

Package: dbplyr
Source: CRAN
Version: 1.4.1
Hash: 7f94cc17bb126eeaf6cf40b54476e3ee
Requires: DBI, R6, assertthat, dplyr, glue, purrr, rlang, tibble,
    tidyselect

Package: deldir
Source: CRAN
Version: 0.1-21
Hash: c572690ba4ec2fb36205b568a879bd23

Package: dichromat
Source: CRAN
Version: 2.0-0
Hash: 08eed0c80510af29bb15f840ccfe37ce

Package: digest
Source: CRAN
Version: 0.6.19
Hash: 99a5cdd9144b03b7a2ddbbef862fb07f

Package: diptest
Source: CRAN
Version: 0.75-7
Hash: de93e5330ff45c5795d0bae12c8a9695

Package: doParallel
Source: CRAN
Version: 1.0.14
Hash: 7e564b9d723d8648b18457baba2a1383
Requires: foreach, iterators

Package: dplyr
Source: CRAN
Version: 0.8.1
Hash: f092b978f36cc14b36ef9a1807a93cf8
Requires: BH, R6, Rcpp, assertthat, glue, magrittr, pkgconfig, plogr,
    rlang, tibble, tidyselect

Package: e1071
Source: CRAN
Version: 1.7-2
Hash: 5335741cd499293a720f8d6351bf3a90

Package: ellipsis
Source: CRAN
Version: 0.2.0.1
Hash: f1c603e7493506909ebbde7bee39a33f
Requires: rlang

Package: evaluate
Source: CRAN
Version: 0.14
Hash: 18306cc3bc1aec7b7360eea8a0eb0ee1

Package: expm
Source: CRAN
Version: 0.999-4
Hash: 527f642fe0322a9fbf81ca640a142669

Package: fansi
Source: CRAN
Version: 0.4.0
Hash: f147621f72b561485bfffcae78c4f5d5

Package: flexmix
Source: CRAN
Version: 2.3-15
Hash: d0133466948f2a7a3b38c22783eae716
Requires: modeltools

Package: forcats
Source: CRAN
Version: 0.4.0
Hash: 3999d0f4538fe92c7af47b82f3e461b8
Requires: ellipsis, magrittr, rlang, tibble

Package: foreach
Source: CRAN
Version: 1.4.4
Hash: 4df5ab2c8c35382dacab75d414da6748
Requires: iterators

Package: fpc
Source: CRAN
Version: 2.2-3
Hash: b4d5a9d9e130923915b89d926a511682
Requires: diptest, flexmix, kernlab, mclust, prabclus, robustbase

Package: fs
Source: CRAN
Version: 1.3.1
Hash: 7969e4a40c4e7c620ea42ad9c4ba7bb3
Requires: Rcpp

Package: gdalUtils
Source: CRAN
Version: 2.0.1.14
Hash: 910ebbf1a56ea0c97f8f67e827c30d53
Requires: R.utils, foreach, raster, rgdal, sp

Package: gdata
Source: CRAN
Version: 2.18.0
Hash: f4fdf56bd81ae3e1d42379678b472a34
Requires: gtools

Package: gdtools
Source: CRAN
Version: 0.1.8
Hash: 7467803cbd0902e2194d0be40721373c
Requires: Rcpp, withr

Package: generics
Source: CRAN
Version: 0.0.2
Hash: 4aaf002dd434e8c854611c5d11a1d58e

Package: geojson
Source: CRAN
Version: 0.3.2
Hash: 713af66783ea4d84fb00b892261e273f
Requires: jqr, jsonlite, lazyeval, magrittr, protolite, sp

Package: geojsonio
Source: CRAN
Version: 0.7.0
Hash: 62160a942219ba210522e98835e9df22
Requires: V8, geojson, httr, jqr, jsonlite, magrittr, maptools, readr,
    rgdal, rgeos, sf, sp

Package: geosphere
Source: CRAN
Version: 1.5-10
Hash: 7862d67ff53e4140d9b1945719deca54
Requires: sp

Package: ggmap
Source: CRAN
Version: 3.0.0
Hash: d5a5076e48affb376046c80907b5bb71
Requires: RgoogleMaps, bitops, digest, dplyr, ggplot2, glue, httr,
    jpeg, magrittr, plyr, png, purrr, rjson, scales, stringr, tibble,
    tidyr

Package: ggplot2
Source: CRAN
Version: 3.2.0
Hash: 3f9c63b2e40ea80716bbf249d9eeb9f4
Requires: digest, gtable, lazyeval, reshape2, rlang, scales, tibble,
    viridisLite, withr

Package: glue
Source: CRAN
Version: 1.3.1
Hash: 660bbbe3803c7cf7c9489a7d99a9c0ed

Package: gmodels
Source: CRAN
Version: 2.18.1
Hash: d69b47c75f87ca284e0c722feb587a86
Requires: gdata

Package: goftest
Source: CRAN
Version: 1.1-1
Hash: 0be42001f7d9e07801bd73d69a046386

Package: gower
Source: CRAN
Version: 0.2.1
Hash: 78074d895bfaf6e4c1269d9f1f3c398d

Package: gridExtra
Source: CRAN
Version: 2.3
Hash: fa977bc1aab5588a08123b10ceb1ad3d
Requires: gtable

Package: gstat
Source: CRAN
Version: 2.0-2
Hash: a76f8f3b98bba735e5d245c5f79c4069
Requires: FNN, sp, spacetime, zoo

Package: gtable
Source: CRAN
Version: 0.3.0
Hash: a9e7b0666eb933a0cb36779240b4462e

Package: gtools
Source: CRAN
Version: 3.8.1
Hash: 6cb09dd6faf3aeac5c5acae55bfa6495

Package: haven
Source: CRAN
Version: 2.1.0
Hash: 3018bfc4305db4b6e161540b5819513f
Requires: Rcpp, forcats, hms, readr, tibble

Package: hexbin
Source: CRAN
Version: 1.27.3
Hash: ef5d209d1a740fbc5b1f8bbaa46679cb

Package: highr
Source: CRAN
Version: 0.8
Hash: 16aa2cc98d7b68c9d148c263c8dcdbcd

Package: hms
Source: CRAN
Version: 0.4.2
Hash: b4096a4f6a6736138e9a825c2baaacf0
Requires: pkgconfig, rlang

Package: htmltools
Source: CRAN
Version: 0.3.6
Hash: ef5869fcbca46a9551ce5b78954a6c2e
Requires: Rcpp, digest

Package: htmlwidgets
Source: CRAN
Version: 1.3
Hash: 17a2248b5e40383a1cb1a4e4cb5f9c7a
Requires: htmltools, jsonlite, yaml

Package: httpuv
Source: CRAN
Version: 1.5.1
Hash: 5df00050ea4610c9092f0feddca187fa
Requires: BH, R6, Rcpp, later, promises

Package: httr
Source: CRAN
Version: 1.4.0
Hash: 62d62d3ffcc9a34411b6e35a813f72dd
Requires: R6, curl, jsonlite, mime, openssl

Package: intervals
Source: CRAN
Version: 0.15.1
Hash: 26e23563c50548f8588a112a4baaa297

Package: ipred
Source: CRAN
Version: 0.9-9
Hash: e5c991ba37200040672dc0dc06b0a180
Requires: prodlim

Package: iterators
Source: CRAN
Version: 1.0.10
Hash: 9f8af91e4a3487a282d7dea67513e519

Package: jpeg
Source: CRAN
Version: 0.1-8
Hash: 189af3df9864c6aa8546033f08ba9358

Package: jqr
Source: CRAN
Version: 1.1.0
Hash: 8a31e24346b92161abcb7fee85d71862
Requires: lazyeval, magrittr

Package: jsonlite
Source: CRAN
Version: 1.6
Hash: 5f969e213e966135393e3e304abf3f49

Package: kernlab
Source: CRAN
Version: 0.9-27
Hash: abac41845cc013d0cc7ed2d249a390bf

Package: knitr
Source: CRAN
Version: 1.23
Hash: 97e380b89b7561ff23821e60296b394c
Requires: evaluate, highr, markdown, stringr, xfun, yaml

Package: labeling
Source: CRAN
Version: 0.3
Hash: ecf589b42cd284b03a4beb9665482d3e

Package: later
Source: CRAN
Version: 0.8.0
Hash: 165df1e83eab768693fc85f375e7f3ec
Requires: BH, Rcpp, rlang

Package: latticeExtra
Source: CRAN
Version: 0.6-28
Hash: efdf3a10a129129f7b8f4ae5a0d7ec3d
Requires: RColorBrewer

Package: lava
Source: CRAN
Version: 1.6.5
Hash: 64bfec181bf5b19f609ecdf60ea2cd8e
Requires: SQUAREM, numDeriv

Package: lazyeval
Source: CRAN
Version: 0.2.2
Hash: 563563691bea3cde6945a98996d7c166

Package: leaflet
Source: CRAN
Version: 2.0.2
Hash: da55402e4875c0253df918df0e97d4c4
Requires: RColorBrewer, base64enc, crosstalk, htmltools, htmlwidgets,
    magrittr, markdown, png, raster, scales, sp, viridis

Package: leafpop
Source: CRAN
Version: 0.0.1
Hash: 2d4f86a0b6b7973f713697b02bb6b02a
Requires: Rcpp, base64enc, brew, gdalUtils, htmlwidgets, svglite, uuid

Package: leafsync
Source: CRAN
Version: 0.1.0
Hash: bb88ffbe6891eaf2908b6ec15dffe274
Requires: htmltools, htmlwidgets, leaflet

Package: lubridate
Source: CRAN
Version: 1.7.4
Hash: 3206e6df69af4462c2c17c0e207f79a3
Requires: Rcpp, stringr

Package: lwgeom
Source: CRAN
Version: 0.1-7
Hash: 634971f2cb3404f679873885c57e45dc
Requires: Rcpp, sf, units

Package: magrittr
Source: CRAN
Version: 1.5
Hash: bdc4d48c3135e8f3b399536ddf160df4

Package: maptools
Source: CRAN
Version: 0.9-5
Hash: fc8e2f395fafef489706b4d84c82ca5b
Requires: sp

Package: markdown
Source: CRAN
Version: 1.0
Hash: fe604255cb83cac629aed0569c9df922
Requires: mime

Package: mclust
Source: CRAN
Version: 5.4.4
Hash: ba98fd1860277e3f206bfa2109fd8741

Package: memoise
Source: CRAN
Version: 1.1.0
Hash: 410fcd334bc626db100237cc1370f2e9
Requires: digest

Package: mime
Source: CRAN
Version: 0.7
Hash: 0d7563caf453c231b6f8c359c51eecc2

Package: miniUI
Source: CRAN
Version: 0.1.1.1
Hash: c7e3ea486421c2fa5b03bb7fcd0415f6
Requires: htmltools, shiny

Package: modelr
Source: CRAN
Version: 0.1.4
Hash: 6738331e515f0057ea409d4b02dbbbbe
Requires: broom, dplyr, magrittr, purrr, rlang, tibble, tidyr

Package: modeltools
Source: CRAN
Version: 0.2-22
Hash: d819844577b29fad9a92761fd30fe45a

Package: munsell
Source: CRAN
Version: 0.5.0
Hash: 38d0efee9bb99bef143bde41c4ce715c
Requires: colorspace

Package: numDeriv
Source: CRAN
Version: 2016.8-1.1
Hash: 4655a089f4d8b80268adaf83d6cd5fb2

Package: openssl
Source: CRAN
Version: 1.4
Hash: c43b4ae77086cc4dc4c639fa1d7343dd
Requires: askpass

Package: packrat
Source: CRAN
Version: 0.5.0
Hash: 498643e765d1442ba7b1160a1df3abf9

Package: pillar
Source: CRAN
Version: 1.4.1
Hash: 30859709afbbce2eba62df92078148de
Requires: cli, crayon, fansi, rlang, utf8, vctrs

Package: pkgconfig
Source: CRAN
Version: 2.0.2
Hash: b0fd6ed908e150b77e5f00c6478bd58c

Package: plogr
Source: CRAN
Version: 0.2.0
Hash: 81a8008a5e7858552503935f1abe48aa

Package: plotly
Source: CRAN
Version: 4.9.0
Hash: 728c69323bb3e8f91f6304d847c034cc
Requires: RColorBrewer, base64enc, crosstalk, data.table, digest,
    dplyr, ggplot2, hexbin, htmltools, htmlwidgets, httr, jsonlite,
    lazyeval, magrittr, promises, purrr, rlang, scales, tibble, tidyr,
    viridisLite

Package: plyr
Source: CRAN
Version: 1.8.4
Hash: 0ff259c7e21ac20a124869520e209d9f
Requires: Rcpp

Package: png
Source: CRAN
Version: 0.1-7
Hash: 421d7d6e0fb4bd885ecbd909b6456b8b

Package: polyclip
Source: CRAN
Version: 1.10-0
Hash: 8291818c2ccc3848dd74ed475da58174

Package: prabclus
Source: CRAN
Version: 2.3-1
Hash: 645c016478a7b623816540fbbab7d44a
Requires: mclust

Package: prettyunits
Source: CRAN
Version: 1.0.2
Hash: 49286102a855640daaa38eafe8b1ec30
Requires: assertthat, magrittr

Package: processx
Source: CRAN
Version: 3.3.1
Hash: 9b578d17e6615a8e506ba649afc15763
Requires: R6, ps

Package: prodlim
Source: CRAN
Version: 2018.04.18
Hash: f946c4b6d743d6844d9420816aef55c6
Requires: Rcpp, lava

Package: progress
Source: CRAN
Version: 1.2.2
Hash: 209280eb751acf5899f7c69366e14bd3
Requires: R6, crayon, hms, prettyunits

Package: promises
Source: CRAN
Version: 1.0.1
Hash: 3a177f5946e3b85c4f65f3ca3e500cd0
Requires: R6, Rcpp, later, magrittr, rlang

Package: protolite
Source: CRAN
Version: 1.8
Hash: 31574f5a6a5aebc150cbd66d199f43a1
Requires: Rcpp, jsonlite

Package: ps
Source: CRAN
Version: 1.3.0
Hash: 1d4cae95887ffe5b1a22bea5994476cd

Package: purrr
Source: CRAN
Version: 0.3.2
Hash: d7bb7f62bb3af2d6510f50cb7190a060
Requires: magrittr, rlang

Package: rJava
Source: CRAN
Version: 0.9-11
Hash: 1d41abb8e4537cb281dd913f0d6f1e76

Package: raster
Source: CRAN
Version: 2.9-5
Hash: fce1da31e909073ceda5b83c5c6a259e
Requires: Rcpp, sp

Package: rasterVis
Source: CRAN
Version: 0.46
Hash: d50affc7200df41d120f88c51d85576e
Requires: RColorBrewer, hexbin, latticeExtra, raster, sp, viridisLite,
    zoo

Package: readr
Source: CRAN
Version: 1.3.1
Hash: a50c0fdc47816ab982876293aa36e794
Requires: BH, R6, Rcpp, clipr, crayon, hms, tibble

Package: readxl
Source: CRAN
Version: 1.3.1
Hash: 78e6430645fd0b63f715cf1e3cacf54b
Requires: Rcpp, cellranger, progress, tibble

Package: recipes
Source: CRAN
Version: 0.1.6
Hash: e3a5cba1aca7ee7aaa49de69b51e3309
Requires: dplyr, generics, glue, gower, ipred, lubridate, magrittr,
    purrr, rlang, tibble, tidyr, tidyselect, timeDate, withr

Package: rematch
Source: CRAN
Version: 1.0.1
Hash: ad4faf59e7611117ff165817074c50c7

Package: reprex
Source: CRAN
Version: 0.3.0
Hash: 2029355cb70894267c2c7557c79307fd
Requires: callr, clipr, fs, rlang, rmarkdown, whisker, withr

Package: reshape2
Source: CRAN
Version: 1.4.3
Hash: 1331df4206d0207838eff5d4324f5919
Requires: Rcpp, plyr, stringr

Package: rgdal
Source: CRAN
Version: 1.4-4
Hash: 58e3b16b81ccc7324060c06514e9a497
Requires: sp

Package: rgeos
Source: CRAN
Version: 0.4-3
Hash: b733aeb8484fa0d86c1735a13bd517ae
Requires: sp

Package: rjson
Source: CRAN
Version: 0.2.20
Hash: 44ee331003bf03b92e97b3089461dd2f

Package: rlang
Source: CRAN
Version: 0.4.0
Hash: eabda67321fe1d477ea641ddd5d84f00

Package: rmarkdown
Source: CRAN
Version: 1.13
Hash: 599a223f7b4c5cb17a3f8409f1f39aa5
Requires: base64enc, evaluate, htmltools, jsonlite, knitr, mime,
    stringr, tinytex, xfun, yaml

Package: robustbase
Source: CRAN
Version: 0.93-5
Hash: 7b6672bf2b47c35d02a5b273393e49f5
Requires: DEoptimR

Package: rstudioapi
Source: CRAN
Version: 0.10
Hash: 63f43c6ff14d92e1d65ca6c21d45a1eb

Package: rvest
Source: CRAN
Version: 0.3.4
Hash: f183d7dabd2bf9d967bfa53a777955f4
Requires: httr, magrittr, selectr, xml2

Package: scales
Source: CRAN
Version: 1.0.0
Hash: f1b117e6daa2bdfa11cc671133d8bdd4
Requires: R6, RColorBrewer, Rcpp, labeling, munsell, viridisLite

Package: selectr
Source: CRAN
Version: 0.4-1
Hash: b12802c11e35dec9d16a74d30ed0f3ed
Requires: R6, stringr

Package: sf
Source: CRAN
Version: 0.7-7
Hash: 465eaf8339a2447c9c1bebdda5ffb7fd
Requires: DBI, Rcpp, classInt, magrittr, units

Package: shiny
Source: CRAN
Version: 1.3.2
Hash: a48cf01573400333efa51dc999ab6447
Requires: R6, crayon, digest, htmltools, httpuv, jsonlite, later, mime,
    promises, rlang, sourcetools, xtable

Package: shinyjs
Source: CRAN
Version: 1.0
Hash: ea95f751025e50227a96100be35e970b
Requires: digest, htmltools, jsonlite, shiny

Package: sourcetools
Source: CRAN
Version: 0.1.7
Hash: d093478ac90064e670cd4bf1a99b47b6

Package: sp
Source: CRAN
Version: 1.3-1
Hash: 01decf1327caff54d7822434d07fa959

Package: spData
Source: CRAN
Version: 0.3.0
Hash: ba8ba3158dfb6bf17e66ed77997b20ae

Package: spacetime
Source: CRAN
Version: 1.2-2
Hash: f4041341e1db8b4c1a8a0a04ae4996c1
Requires: intervals, sp, xts, zoo

Package: spatstat
Source: CRAN
Version: 1.60-1
Hash: 3ac93ec24dd58ddda1075b88d416b76b
Requires: abind, deldir, goftest, polyclip, spatstat.data,
    spatstat.utils, tensor

Package: spatstat.data
Source: CRAN
Version: 1.4-0
Hash: 2a2e9d8cc0cd660ba40bb5bf043ff317
Requires: spatstat.utils

Package: spatstat.utils
Source: CRAN
Version: 1.13-0
Hash: b342ac775255357f6ea0ce4e0cb1987a

Package: spdep
Source: CRAN
Version: 1.1-2
Hash: d109e09c846a936dac1f4d9af2cbec78
Requires: LearnBayes, coda, deldir, expm, gmodels, sf, sp, spData

Package: stringi
Source: CRAN
Version: 1.4.3
Hash: ed2a82fc7cc668c1345223d938cdfaf2

Package: stringr
Source: CRAN
Version: 1.4.0
Hash: 67da32dbb2a7a16f2ef124336358e54a
Requires: glue, magrittr, stringi

Package: svglite
Source: CRAN
Version: 1.2.2
Hash: fc956d34d7bd6526f2bc398125b289d3
Requires: BH, Rcpp, gdtools

Package: sys
Source: CRAN
Version: 3.2
Hash: aaa3f56d4255306a32ea30df8ef63901

Package: tensor
Source: CRAN
Version: 1.5
Hash: 6a56cfa4bdf989a4b74b7ca542dfaeeb

Package: tibble
Source: CRAN
Version: 2.1.3
Hash: f59680d81ddc45fa3fcb8c07686d1d89
Requires: cli, crayon, fansi, pillar, pkgconfig, rlang

Package: tidyr
Source: CRAN
Version: 0.8.3
Hash: abb47affef711a0d4965f25cfdeb4df0
Requires: Rcpp, dplyr, glue, magrittr, purrr, rlang, stringi, tibble,
    tidyselect

Package: tidyselect
Source: CRAN
Version: 0.2.5
Hash: ce32c88efe672d565819caa17238b04c
Requires: Rcpp, glue, purrr, rlang

Package: tidyverse
Source: CRAN
Version: 1.2.1
Hash: 1b090209cb20b6fc6eba75de8b7f0b53
Requires: broom, cli, crayon, dbplyr, dplyr, forcats, ggplot2, haven,
    hms, httr, jsonlite, lubridate, magrittr, modelr, purrr, readr,
    readxl, reprex, rlang, rstudioapi, rvest, stringr, tibble, tidyr,
    xml2

Package: timeDate
Source: CRAN
Version: 3043.102
Hash: bf9c128558c5730c3fbaf9ea5196e4bc

Package: tinytex
Source: CRAN
Version: 0.13
Hash: 02daeb43f4d59934cf66533c3e2993f6
Requires: xfun

Package: tmap
Source: CRAN
Version: 2.3
Hash: 9c81fa9f8c4e55fd4b9f963e74bf0e25
Requires: RColorBrewer, classInt, htmltools, htmlwidgets, leaflet,
    leafsync, raster, sf, tmaptools, units, viridisLite

Package: tmaptools
Source: CRAN
Version: 2.0-2
Hash: e18fea528d4e17130810fd0adc1c0041
Requires: RColorBrewer, XML, classInt, dichromat, lwgeom, magrittr,
    raster, rgdal, rgeos, sf, sp, units, viridisLite

Package: units
Source: CRAN
Version: 0.6-3
Hash: bedfa02fe3d59ac15bedf104253fc766
Requires: Rcpp

Package: utf8
Source: CRAN
Version: 1.1.4
Hash: f3f97ce59092abc8ed3fd098a59e236c

Package: uuid
Source: CRAN
Version: 0.1-2
Hash: 69acbbcf4dcff3a258f94de540214001

Package: vctrs
Source: CRAN
Version: 0.2.0
Hash: daf77cb3dbcacd7fb619cb3748dc215f
Requires: backports, digest, ellipsis, glue, rlang, zeallot

Package: viridis
Source: CRAN
Version: 0.5.1
Hash: 39edaec2078b4fc928afb73cc1ce6625
Requires: ggplot2, gridExtra, viridisLite

Package: viridisLite
Source: CRAN
Version: 0.3.0
Hash: 78bb072c4f9e729a283d4c40ec93f9c6

Package: weathermetrics
Source: CRAN
Version: 1.2.2
Hash: f9bb078e661fd45c2c92d1c0308739a2

Package: webex
Source: CRAN
Version: 0.9.1
Hash: fbd2825fc33c2a5a6008022f0fc91c9f
Requires: jsonlite, knitr, rmarkdown

Package: whisker
Source: CRAN
Version: 0.3-2
Hash: 803d662762e532705c2c066a82d066e7

Package: withr
Source: CRAN
Version: 2.1.2
Hash: d534108bcd5f34ec73e9eb523751ba20

Package: xfun
Source: CRAN
Version: 0.7
Hash: f615e6607b290cfbc05bbda2a9e201b7

Package: xml2
Source: CRAN
Version: 1.2.0
Hash: 6e643a368e9748966b96332eaa631411
Requires: Rcpp

Package: xtable
Source: CRAN
Version: 1.8-4
Hash: dc0d47261b678d26032363bebd050540

Package: xts
Source: CRAN
Version: 0.11-2
Hash: 3f65fbbaab9da4664ecc1c003f5e8929
Requires: zoo

Package: yaml
Source: CRAN
Version: 2.2.0
Hash: a5ad5616d83d89f8d84cbf3cf4034e13

Package: zeallot
Source: CRAN
Version: 0.1.0
Hash: 10b2ed48e202b4db421ae864041dc4b2

Package: zoo
Source: CRAN
Version: 1.8-6
Hash: 4a02754c8bc0522b2d528ddf2452c835
